// !$*UTF8*$!
{
	archiveVersion = 1;
	classes = {
	};
	objectVersion = 46;
	objects = {

/* Begin PBXBuildFile section */
		43A4CADC1A19831E000A6CFA /* main.m in Sources */ = {isa = PBXBuildFile; fileRef = 43A4CADB1A19831E000A6CFA /* main.m */; };
		43A4CADF1A19831E000A6CFA /* AppDelegate.m in Sources */ = {isa = PBXBuildFile; fileRef = 43A4CADE1A19831E000A6CFA /* AppDelegate.m */; };
		43A4CAE21A19831E000A6CFA /* ViewController.m in Sources */ = {isa = PBXBuildFile; fileRef = 43A4CAE11A19831E000A6CFA /* ViewController.m */; };
		43A4CAE51A19831E000A6CFA /* Main.storyboard in Resources */ = {isa = PBXBuildFile; fileRef = 43A4CAE31A19831E000A6CFA /* Main.storyboard */; };
		43A4CAE71A19831E000A6CFA /* Images.xcassets in Resources */ = {isa = PBXBuildFile; fileRef = 43A4CAE61A19831E000A6CFA /* Images.xcassets */; };
		43A4CAEA1A19831E000A6CFA /* LaunchScreen.xib in Resources */ = {isa = PBXBuildFile; fileRef = 43A4CAE81A19831E000A6CFA /* LaunchScreen.xib */; };
		43A4CAF61A19831E000A6CFA /* i18nTests.m in Sources */ = {isa = PBXBuildFile; fileRef = 43A4CAF51A19831E000A6CFA /* i18nTests.m */; };
		43A4CB051A1983D8000A6CFA /* InfoPlist.strings in Resources */ = {isa = PBXBuildFile; fileRef = 43A4CB071A1983D8000A6CFA /* InfoPlist.strings */; };
		43A4CB0F1A1985C8000A6CFA /* Localizable.strings in Resources */ = {isa = PBXBuildFile; fileRef = 43A4CB111A1985C8000A6CFA /* Localizable.strings */; };
/* End PBXBuildFile section */

/* Begin PBXContainerItemProxy section */
		43A4CAF01A19831E000A6CFA /* PBXContainerItemProxy */ = {
			isa = PBXContainerItemProxy;
			containerPortal = 43A4CACE1A19831E000A6CFA /* Project object */;
			proxyType = 1;
			remoteGlobalIDString = 43A4CAD51A19831E000A6CFA;
			remoteInfo = i18n;
		};
/* End PBXContainerItemProxy section */

/* Begin PBXFileReference section */
		43A4CAD61A19831E000A6CFA /* i18n.app */ = {isa = PBXFileReference; explicitFileType = wrapper.application; includeInIndex = 0; path = i18n.app; sourceTree = BUILT_PRODUCTS_DIR; };
		43A4CADA1A19831E000A6CFA /* Info.plist */ = {isa = PBXFileReference; lastKnownFileType = text.plist.xml; path = Info.plist; sourceTree = "<group>"; };
		43A4CADB1A19831E000A6CFA /* main.m */ = {isa = PBXFileReference; lastKnownFileType = sourcecode.c.objc; path = main.m; sourceTree = "<group>"; };
		43A4CADD1A19831E000A6CFA /* AppDelegate.h */ = {isa = PBXFileReference; lastKnownFileType = sourcecode.c.h; path = AppDelegate.h; sourceTree = "<group>"; };
		43A4CADE1A19831E000A6CFA /* AppDelegate.m */ = {isa = PBXFileReference; lastKnownFileType = sourcecode.c.objc; path = AppDelegate.m; sourceTree = "<group>"; };
		43A4CAE01A19831E000A6CFA /* ViewController.h */ = {isa = PBXFileReference; lastKnownFileType = sourcecode.c.h; path = ViewController.h; sourceTree = "<group>"; };
		43A4CAE11A19831E000A6CFA /* ViewController.m */ = {isa = PBXFileReference; lastKnownFileType = sourcecode.c.objc; path = ViewController.m; sourceTree = "<group>"; };
		43A4CAE41A19831E000A6CFA /* Base */ = {isa = PBXFileReference; lastKnownFileType = file.storyboard; name = Base; path = Base.lproj/Main.storyboard; sourceTree = "<group>"; };
		43A4CAE61A19831E000A6CFA /* Images.xcassets */ = {isa = PBXFileReference; lastKnownFileType = folder.assetcatalog; path = Images.xcassets; sourceTree = "<group>"; };
		43A4CAE91A19831E000A6CFA /* Base */ = {isa = PBXFileReference; lastKnownFileType = file.xib; name = Base; path = Base.lproj/LaunchScreen.xib; sourceTree = "<group>"; };
		43A4CAEF1A19831E000A6CFA /* i18nTests.xctest */ = {isa = PBXFileReference; explicitFileType = wrapper.cfbundle; includeInIndex = 0; path = i18nTests.xctest; sourceTree = BUILT_PRODUCTS_DIR; };
		43A4CAF41A19831E000A6CFA /* Info.plist */ = {isa = PBXFileReference; lastKnownFileType = text.plist.xml; path = Info.plist; sourceTree = "<group>"; };
		43A4CAF51A19831E000A6CFA /* i18nTests.m */ = {isa = PBXFileReference; lastKnownFileType = sourcecode.c.objc; path = i18nTests.m; sourceTree = "<group>"; };
		43A4CB031A1983C3000A6CFA /* zh-Hans */ = {isa = PBXFileReference; lastKnownFileType = text.plist.strings; name = "zh-Hans"; path = "zh-Hans.lproj/Main.strings"; sourceTree = "<group>"; };
		43A4CB041A1983C3000A6CFA /* zh-Hans */ = {isa = PBXFileReference; lastKnownFileType = text.plist.strings; name = "zh-Hans"; path = "zh-Hans.lproj/LaunchScreen.strings"; sourceTree = "<group>"; };
		43A4CB0A1A1983F5000A6CFA /* zh-Hans */ = {isa = PBXFileReference; lastKnownFileType = text.plist.strings; name = "zh-Hans"; path = "zh-Hans.lproj/InfoPlist.strings"; sourceTree = "<group>"; };
		43A4CB0C1A19840A000A6CFA /* en */ = {isa = PBXFileReference; lastKnownFileType = text.plist.strings; name = en; path = en.lproj/InfoPlist.strings; sourceTree = "<group>"; };
		43A4CB121A1985CA000A6CFA /* en */ = {isa = PBXFileReference; lastKnownFileType = text.plist.strings; name = en; path = en.lproj/Localizable.strings; sourceTree = "<group>"; };
		43A4CB131A1985CA000A6CFA /* zh-Hans */ = {isa = PBXFileReference; lastKnownFileType = text.plist.strings; name = "zh-Hans"; path = "zh-Hans.lproj/Localizable.strings"; sourceTree = "<group>"; };
/* End PBXFileReference section */

/* Begin PBXFrameworksBuildPhase section */
		43A4CAD31A19831E000A6CFA /* Frameworks */ = {
			isa = PBXFrameworksBuildPhase;
			buildActionMask = 2147483647;
			files = (
			);
			runOnlyForDeploymentPostprocessing = 0;
		};
		43A4CAEC1A19831E000A6CFA /* Frameworks */ = {
			isa = PBXFrameworksBuildPhase;
			buildActionMask = 2147483647;
			files = (
			);
			runOnlyForDeploymentPostprocessing = 0;
		};
/* End PBXFrameworksBuildPhase section */

/* Begin PBXGroup section */
		43A4CACD1A19831E000A6CFA = {
			isa = PBXGroup;
			children = (
				43A4CAD81A19831E000A6CFA /* i18n */,
				43A4CAF21A19831E000A6CFA /* i18nTests */,
				43A4CAD71A19831E000A6CFA /* Products */,
			);
			sourceTree = "<group>";
		};
		43A4CAD71A19831E000A6CFA /* Products */ = {
			isa = PBXGroup;
			children = (
				43A4CAD61A19831E000A6CFA /* i18n.app */,
				43A4CAEF1A19831E000A6CFA /* i18nTests.xctest */,
			);
			name = Products;
			sourceTree = "<group>";
		};
		43A4CAD81A19831E000A6CFA /* i18n */ = {
			isa = PBXGroup;
			children = (
				43A4CADD1A19831E000A6CFA /* AppDelegate.h */,
				43A4CADE1A19831E000A6CFA /* AppDelegate.m */,
				43A4CAE01A19831E000A6CFA /* ViewController.h */,
				43A4CAE11A19831E000A6CFA /* ViewController.m */,
				43A4CAE31A19831E000A6CFA /* Main.storyboard */,
				43A4CAE61A19831E000A6CFA /* Images.xcassets */,
				43A4CAE81A19831E000A6CFA /* LaunchScreen.xib */,
				43A4CAD91A19831E000A6CFA /* Supporting Files */,
			);
			path = i18n;
			sourceTree = "<group>";
		};
		43A4CAD91A19831E000A6CFA /* Supporting Files */ = {
			isa = PBXGroup;
			children = (
				43A4CADA1A19831E000A6CFA /* Info.plist */,
				43A4CADB1A19831E000A6CFA /* main.m */,
				43A4CB071A1983D8000A6CFA /* InfoPlist.strings */,
				43A4CB111A1985C8000A6CFA /* Localizable.strings */,
			);
			name = "Supporting Files";
			sourceTree = "<group>";
		};
		43A4CAF21A19831E000A6CFA /* i18nTests */ = {
			isa = PBXGroup;
			children = (
				43A4CAF51A19831E000A6CFA /* i18nTests.m */,
				43A4CAF31A19831E000A6CFA /* Supporting Files */,
			);
			path = i18nTests;
			sourceTree = "<group>";
		};
		43A4CAF31A19831E000A6CFA /* Supporting Files */ = {
			isa = PBXGroup;
			children = (
				43A4CAF41A19831E000A6CFA /* Info.plist */,
			);
			name = "Supporting Files";
			sourceTree = "<group>";
		};
/* End PBXGroup section */

/* Begin PBXNativeTarget section */
		43A4CAD51A19831E000A6CFA /* i18n */ = {
			isa = PBXNativeTarget;
			buildConfigurationList = 43A4CAF91A19831E000A6CFA /* Build configuration list for PBXNativeTarget "i18n" */;
			buildPhases = (
				43A4CAD21A19831E000A6CFA /* Sources */,
				43A4CAD31A19831E000A6CFA /* Frameworks */,
				43A4CAD41A19831E000A6CFA /* Resources */,
			);
			buildRules = (
			);
			dependencies = (
			);
			name = i18n;
			productName = i18n;
			productReference = 43A4CAD61A19831E000A6CFA /* i18n.app */;
			productType = "com.apple.product-type.application";
		};
		43A4CAEE1A19831E000A6CFA /* i18nTests */ = {
			isa = PBXNativeTarget;
			buildConfigurationList = 43A4CAFC1A19831E000A6CFA /* Build configuration list for PBXNativeTarget "i18nTests" */;
			buildPhases = (
				43A4CAEB1A19831E000A6CFA /* Sources */,
				43A4CAEC1A19831E000A6CFA /* Frameworks */,
				43A4CAED1A19831E000A6CFA /* Resources */,
			);
			buildRules = (
			);
			dependencies = (
				43A4CAF11A19831E000A6CFA /* PBXTargetDependency */,
			);
			name = i18nTests;
			productName = i18nTests;
			productReference = 43A4CAEF1A19831E000A6CFA /* i18nTests.xctest */;
			productType = "com.apple.product-type.bundle.unit-test";
		};
/* End PBXNativeTarget section */

/* Begin PBXProject section */
		43A4CACE1A19831E000A6CFA /* Project object */ = {
			isa = PBXProject;
			attributes = {
				LastUpgradeCheck = 0610;
				ORGANIZATIONNAME = tonyguan;
				TargetAttributes = {
					43A4CAD51A19831E000A6CFA = {
						CreatedOnToolsVersion = 6.1;
					};
					43A4CAEE1A19831E000A6CFA = {
						CreatedOnToolsVersion = 6.1;
						TestTargetID = 43A4CAD51A19831E000A6CFA;
					};
				};
			};
			buildConfigurationList = 43A4CAD11A19831E000A6CFA /* Build configuration list for PBXProject "i18n" */;
			compatibilityVersion = "Xcode 3.2";
			developmentRegion = English;
			hasScannedForEncodings = 0;
			knownRegions = (
				en,
				Base,
				"zh-Hans",
			);
			mainGroup = 43A4CACD1A19831E000A6CFA;
			productRefGroup = 43A4CAD71A19831E000A6CFA /* Products */;
			projectDirPath = "";
			projectRoot = "";
			targets = (
				43A4CAD51A19831E000A6CFA /* i18n */,
				43A4CAEE1A19831E000A6CFA /* i18nTests */,
			);
		};
/* End PBXProject section */

/* Begin PBXResourcesBuildPhase section */
		43A4CAD41A19831E000A6CFA /* Resources */ = {
			isa = PBXResourcesBuildPhase;
			buildActionMask = 2147483647;
			files = (
				43A4CB0F1A1985C8000A6CFA /* Localizable.strings in Resources */,
				43A4CAE51A19831E000A6CFA /* Main.storyboard in Resources */,
				43A4CB051A1983D8000A6CFA /* InfoPlist.strings in Resources */,
				43A4CAEA1A19831E000A6CFA /* LaunchScreen.xib in Resources */,
				43A4CAE71A19831E000A6CFA /* Images.xcassets in Resources */,
			);
			runOnlyForDeploymentPostprocessing = 0;
		};
		43A4CAED1A19831E000A6CFA /* Resources */ = {
			isa = PBXResourcesBuildPhase;
			buildActionMask = 2147483647;
			files = (
			);
			runOnlyForDeploymentPostprocessing = 0;
		};
/* End PBXResourcesBuildPhase section */

/* Begin PBXSourcesBuildPhase section */
		43A4CAD21A19831E000A6CFA /* Sources */ = {
			isa = PBXSourcesBuildPhase;
			buildActionMask = 2147483647;
			files = (
				43A4CAE21A19831E000A6CFA /* ViewController.m in Sources */,
				43A4CADF1A19831E000A6CFA /* AppDelegate.m in Sources */,
				43A4CADC1A19831E000A6CFA /* main.m in Sources */,
			);
			runOnlyForDeploymentPostprocessing = 0;
		};
		43A4CAEB1A19831E000A6CFA /* Sources */ = {
			isa = PBXSourcesBuildPhase;
			buildActionMask = 2147483647;
			files = (
				43A4CAF61A19831E000A6CFA /* i18nTests.m in Sources */,
			);
			runOnlyForDeploymentPostprocessing = 0;
		};
/* End PBXSourcesBuildPhase section */

/* Begin PBXTargetDependency section */
		43A4CAF11A19831E000A6CFA /* PBXTargetDependency */ = {
			isa = PBXTargetDependency;
			target = 43A4CAD51A19831E000A6CFA /* i18n */;
			targetProxy = 43A4CAF01A19831E000A6CFA /* PBXContainerItemProxy */;
		};
/* End PBXTargetDependency section */

/* Begin PBXVariantGroup section */
		43A4CAE31A19831E000A6CFA /* Main.storyboard */ = {
			isa = PBXVariantGroup;
			children = (
				43A4CAE41A19831E000A6CFA /* Base */,
				43A4CB031A1983C3000A6CFA /* zh-Hans */,
			);
			name = Main.storyboard;
			sourceTree = "<group>";
		};
		43A4CAE81A19831E000A6CFA /* LaunchScreen.xib */ = {
			isa = PBXVariantGroup;
			children = (
				43A4CAE91A19831E000A6CFA /* Base */,
				43A4CB041A1983C3000A6CFA /* zh-Hans */,
			);
			name = LaunchScreen.xib;
			sourceTree = "<group>";
		};
		43A4CB071A1983D8000A6CFA /* InfoPlist.strings */ = {
			isa = PBXVariantGroup;
			children = (
				43A4CB0A1A1983F5000A6CFA /* zh-Hans */,
				43A4CB0C1A19840A000A6CFA /* en */,
			);
			name = InfoPlist.strings;
			sourceTree = "<group>";
		};
		43A4CB111A1985C8000A6CFA /* Localizable.strings */ = {
			isa = PBXVariantGroup;
			children = (
				43A4CB121A1985CA000A6CFA /* en */,
				43A4CB131A1985CA000A6CFA /* zh-Hans */,
			);
			name = Localizable.strings;
			sourceTree = "<group>";
		};
/* End PBXVariantGroup section */

/* Begin XCBuildConfiguration section */
		43A4CAF71A19831E000A6CFA /* Debug */ = {
			isa = XCBuildConfiguration;
			buildSettings = {
				ALWAYS_SEARCH_USER_PATHS = NO;
				CLANG_CXX_LANGUAGE_STANDARD = "gnu++0x";
				CLANG_CXX_LIBRARY = "libc++";
				CLANG_ENABLE_MODULES = YES;
				CLANG_ENABLE_OBJC_ARC = YES;
				CLANG_WARN_BOOL_CONVERSION = YES;
				CLANG_WARN_CONSTANT_CONVERSION = YES;
				CLANG_WARN_DIRECT_OBJC_ISA_USAGE = YES_ERROR;
				CLANG_WARN_EMPTY_BODY = YES;
				CLANG_WARN_ENUM_CONVERSION = YES;
				CLANG_WARN_INT_CONVERSION = YES;
				CLANG_WARN_OBJC_ROOT_CLASS = YES_ERROR;
				CLANG_WARN_UNREACHABLE_CODE = YES;
				CLANG_WARN__DUPLICATE_METHOD_MATCH = YES;
				"CODE_SIGN_IDENTITY[sdk=iphoneos*]" = "iPhone Developer";
				COPY_PHASE_STRIP = NO;
				ENABLE_STRICT_OBJC_MSGSEND = YES;
				GCC_C_LANGUAGE_STANDARD = gnu99;
				GCC_DYNAMIC_NO_PIC = NO;
				GCC_OPTIMIZATION_LEVEL = 0;
				GCC_PREPROCESSOR_DEFINITIONS = (
					"DEBUG=1",
					"$(inherited)",
				);
				GCC_SYMBOLS_PRIVATE_EXTERN = NO;
				GCC_WARN_64_TO_32_BIT_CONVERSION = YES;
				GCC_WARN_ABOUT_RETURN_TYPE = YES_ERROR;
				GCC_WARN_UNDECLARED_SELECTOR = YES;
				GCC_WARN_UNINITIALIZED_AUTOS = YES_AGGRESSIVE;
				GCC_WARN_UNUSED_FUNCTION = YES;
				GCC_WARN_UNUSED_VARIABLE = YES;
				IPHONEOS_DEPLOYMENT_TARGET = 8.1;
				MTL_ENABLE_DEBUG_INFO = YES;
				ONLY_ACTIVE_ARCH = YES;
				SDKROOT = iphoneos;
			};
			name = Debug;
		};
		43A4CAF81A19831E000A6CFA /* Release */ = {
			isa = XCBuildConfiguration;
			buildSettings = {
				ALWAYS_SEARCH_USER_PATHS = NO;
				CLANG_CXX_LANGUAGE_STANDARD = "gnu++0x";
				CLANG_CXX_LIBRARY = "libc++";
				CLANG_ENABLE_MODULES = YES;
				CLANG_ENABLE_OBJC_ARC = YES;
				CLANG_WARN_BOOL_CONVERSION = YES;
				CLANG_WARN_CONSTANT_CONVERSION = YES;
				CLANG_WARN_DIRECT_OBJC_ISA_USAGE = YES_ERROR;
				CLANG_WARN_EMPTY_BODY = YES;
				CLANG_WARN_ENUM_CONVERSION = YES;
				CLANG_WARN_INT_CONVERSION = YES;
				CLANG_WARN_OBJC_ROOT_CLASS = YES_ERROR;
				CLANG_WARN_UNREACHABLE_CODE = YES;
				CLANG_WARN__DUPLICATE_METHOD_MATCH = YES;
				"CODE_SIGN_IDENTITY[sdk=iphoneos*]" = "iPhone Developer";
				COPY_PHASE_STRIP = YES;
				ENABLE_NS_ASSERTIONS = NO;
				ENABLE_STRICT_OBJC_MSGSEND = YES;
				GCC_C_LANGUAGE_STANDARD = gnu99;
				GCC_WARN_64_TO_32_BIT_CONVERSION = YES;
				GCC_WARN_ABOUT_RETURN_TYPE = YES_ERROR;
				GCC_WARN_UNDECLARED_SELECTOR = YES;
				GCC_WARN_UNINITIALIZED_AUTOS = YES_AGGRESSIVE;
				GCC_WARN_UNUSED_FUNCTION = YES;
				GCC_WARN_UNUSED_VARIABLE = YES;
				IPHONEOS_DEPLOYMENT_TARGET = 8.1;
				MTL_ENABLE_DEBUG_INFO = NO;
				SDKROOT = iphoneos;
				VALIDATE_PRODUCT = YES;
			};
			name = Release;
		};
		43A4CAFA1A19831E000A6CFA /* Debug */ = {
			isa = XCBuildConfiguration;
			buildSettings = {
				ASSETCATALOG_COMPILER_APPICON_NAME = AppIcon;
				INFOPLIST_FILE = i18n/Info.plist;
				LD_RUNPATH_SEARCH_PATHS = "$(inherited) @executable_path/Frameworks";
				PRODUCT_NAME = "$(TARGET_NAME)";
			};
			name = Debug;
		};
		43A4CAFB1A19831E000A6CFA /* Release */ = {
			isa = XCBuildConfiguration;
			buildSettings = {
				ASSETCATALOG_COMPILER_APPICON_NAME = AppIcon;
				INFOPLIST_FILE = i18n/Info.plist;
				LD_RUNPATH_SEARCH_PATHS = "$(inherited) @executable_path/Frameworks";
				PRODUCT_NAME = "$(TARGET_NAME)";
			};
			name = Release;
		};
		43A4CAFD1A19831E000A6CFA /* Debug */ = {
			isa = XCBuildConfiguration;
			buildSettings = {
				BUNDLE_LOADER = "$(TEST_HOST)";
				FRAMEWORK_SEARCH_PATHS = (
					"$(SDKROOT)/Developer/Library/Frameworks",
					"$(inherited)",
				);
				GCC_PREPROCESSOR_DEFINITIONS = (
					"DEBUG=1",
					"$(inherited)",
				);
				INFOPLIST_FILE = i18nTests/Info.plist;
				LD_RUNPATH_SEARCH_PATHS = "$(inherited) @executable_path/Frameworks @loader_path/Frameworks";
				PRODUCT_NAME = "$(TARGET_NAME)";
				TEST_HOST = "$(BUILT_PRODUCTS_DIR)/i18n.app/i18n";
			};
			name = Debug;
		};
		43A4CAFE1A19831E000A6CFA /* Release */ = {
			isa = XCBuildConfiguration;
			buildSettings = {
				BUNDLE_LOADER = "$(TEST_HOST)";
				FRAMEWORK_SEARCH_PATHS = (
					"$(SDKROOT)/Developer/Library/Frameworks",
					"$(inherited)",
				);
				INFOPLIST_FILE = i18nTests/Info.plist;
				LD_RUNPATH_SEARCH_PATHS = "$(inherited) @executable_path/Frameworks @loader_path/Frameworks";
				PRODUCT_NAME = "$(TARGET_NAME)";
				TEST_HOST = "$(BUILT_PRODUCTS_DIR)/i18n.app/i18n";
			};
			name = Release;
		};
/* End XCBuildConfiguration section */

/* Begin XCConfigurationList section */
		43A4CAD11A19831E000A6CFA /* Build configuration list for PBXProject "i18n" */ = {
			isa = XCConfigurationList;
			buildConfigurations = (
				43A4CAF71A19831E000A6CFA /* Debug */,
				43A4CAF81A19831E000A6CFA /* Release */,
			);
			defaultConfigurationIsVisible = 0;
			defaultConfigurationName = Release;
		};
		43A4CAF91A19831E000A6CFA /* Build configuration list for PBXNativeTarget "i18n" */ = {
			isa = XCConfigurationList;
			buildConfigurations = (
				43A4CAFA1A19831E000A6CFA /* Debug */,
				43A4CAFB1A19831E000A6CFA /* Release */,
			);
			defaultConfigurationIsVisible = 0;
		};
		43A4CAFC1A19831E000A6CFA /* Build configuration list for PBXNativeTarget "i18nTests" */ = {
			isa = XCConfigurationList;
			buildConfigurations = (
				43A4CAFD1A19831E000A6CFA /* Debug */,
				43A4CAFE1A19831E000A6CFA /* Release */,
			);
			defaultConfigurationIsVisible = 0;
		};
/* End XCConfigurationList section */
	};
	rootObject = 43A4CACE1A19831E000A6CFA /* Project object */;
}
